
Microsoft Visual Studio Solution File, Format Version 12.00
Project("{FAE04EC0-301F-11D3-BF4B-00C04F79EFBC}") = "WorkWithCollections", "WorkWithCollections.csproj", "{22403559-2F31-49DD-9730-0A6E56A15B6C}"
EndProject
Global
	GlobalSection(SolutionConfigurationPlatforms) = preSolution
		Debug|Any CPU = Debug|Any CPU
		Release|Any CPU = Release|Any CPU
	EndGlobalSection
	GlobalSection(ProjectConfigurationPlatforms) = postSolution
		{22403559-2F31-49DD-9730-0A6E56A15B6C}.Debug|Any CPU.ActiveCfg = Debug|Any CPU
		{22403559-2F31-49DD-9730-0A6E56A15B6C}.Debug|Any CPU.Build.0 = Debug|Any CPU
		{22403559-2F31-49DD-9730-0A6E56A15B6C}.Release|Any CPU.ActiveCfg = Release|Any CPU
		{22403559-2F31-49DD-9730-0A6E56A15B6C}.Release|Any CPU.Build.0 = Release|Any CPU
	EndGlobalSection
EndGlobal
